
Microsoft Visual Studio Solution File, Format Version 12.00
# Visual Studio Version 17
VisualStudioVersion = 17.3.32922.545
MinimumVisualStudioVersion = 10.0.40219.1
Project("{FAE04EC0-301F-11D3-BF4B-00C04F79EFBC}") = "PKI", "PKI\PKI.csproj", "{5AD7D76A-09A4-4E4F-AFA7-7798E0E9CD89}"
EndProject
Project("{FAE04EC0-301F-11D3-BF4B-00C04F79EFBC}") = "PKI.Test", "PKI.Test\PKI.Test.csproj", "{359ED8C6-47B5-4321-9B60-62E0F53A5384}"
EndProject
Project("{2150E333-8FDC-42A3-9474-1A3956D46DE8}") = "Solution Items", "Solution Items", "{A9EEF06D-95C4-422F-9DD6-9A42E5DBCA72}"
	ProjectSection(SolutionItems) = preProject
		.editorconfig = .editorconfig
	EndProjectSection
EndProject
Project("{9A19103F-16F7-4668-BE54-9A1E7A4F7556}") = "SysadminsLV.PKI", "SysadminsLV.PKI\SysadminsLV.PKI.csproj", "{0F2D01F9-E1A3-44F9-A4B2-D4AD1921DC94}"
EndProject
Project("{FAE04EC0-301F-11D3-BF4B-00C04F79EFBC}") = "SysadminsLV.PKI.OcspClient", "src\SysadminsLV.PKI.OcspClient\SysadminsLV.PKI.OcspClient.csproj", "{26937DDC-116A-4270-B034-39D2719E76D3}"
EndProject
Global
	GlobalSection(SolutionConfigurationPlatforms) = preSolution
		Debug|Any CPU = Debug|Any CPU
		Release|Any CPU = Release|Any CPU
	EndGlobalSection
	GlobalSection(ProjectConfigurationPlatforms) = postSolution
		{5AD7D76A-09A4-4E4F-AFA7-7798E0E9CD89}.Debug|Any CPU.ActiveCfg = Debug|Any CPU
		{5AD7D76A-09A4-4E4F-AFA7-7798E0E9CD89}.Debug|Any CPU.Build.0 = Debug|Any CPU
		{5AD7D76A-09A4-4E4F-AFA7-7798E0E9CD89}.Release|Any CPU.ActiveCfg = Release|Any CPU
		{5AD7D76A-09A4-4E4F-AFA7-7798E0E9CD89}.Release|Any CPU.Build.0 = Release|Any CPU
		{359ED8C6-47B5-4321-9B60-62E0F53A5384}.Debug|Any CPU.ActiveCfg = Debug|x64
		{359ED8C6-47B5-4321-9B60-62E0F53A5384}.Debug|Any CPU.Build.0 = Debug|x64
		{359ED8C6-47B5-4321-9B60-62E0F53A5384}.Release|Any CPU.ActiveCfg = Release|Any CPU
		{0F2D01F9-E1A3-44F9-A4B2-D4AD1921DC94}.Debug|Any CPU.ActiveCfg = Debug|Any CPU
		{0F2D01F9-E1A3-44F9-A4B2-D4AD1921DC94}.Debug|Any CPU.Build.0 = Debug|Any CPU
		{0F2D01F9-E1A3-44F9-A4B2-D4AD1921DC94}.Release|Any CPU.ActiveCfg = Release|Any CPU
		{0F2D01F9-E1A3-44F9-A4B2-D4AD1921DC94}.Release|Any CPU.Build.0 = Release|Any CPU
		{26937DDC-116A-4270-B034-39D2719E76D3}.Debug|Any CPU.ActiveCfg = Debug|Any CPU
		{26937DDC-116A-4270-B034-39D2719E76D3}.Debug|Any CPU.Build.0 = Debug|Any CPU
		{26937DDC-116A-4270-B034-39D2719E76D3}.Release|Any CPU.ActiveCfg = Release|Any CPU
		{26937DDC-116A-4270-B034-39D2719E76D3}.Release|Any CPU.Build.0 = Release|Any CPU
	EndGlobalSection
	GlobalSection(SolutionProperties) = preSolution
		HideSolutionNode = FALSE
	EndGlobalSection
	GlobalSection(ExtensibilityGlobals) = postSolution
		SolutionGuid = {EF346D1C-27DC-44CE-81BA-E03D528ADE83}
	EndGlobalSection
EndGlobal
